
Microsoft Visual Studio Solution File, Format Version 12.00
# Visual Studio 14
VisualStudioVersion = 14.0.24720.0
MinimumVisualStudioVersion = 10.0.40219.1
Project("{FAE04EC0-301F-11D3-BF4B-00C04F79EFBC}") = "FSRandomizer", "FSRandomizer\FSRandomizer.csproj", "{4A2CCA0D-421B-4892-9621-680E1A76082D}"
EndProject
Global
	GlobalSection(SolutionConfigurationPlatforms) = preSolution
		Debug|Any CPU = Debug|Any CPU
		Release|Any CPU = Release|Any CPU
	EndGlobalSection
	GlobalSection(ProjectConfigurationPlatforms) = postSolution
		{4A2CCA0D-421B-4892-9621-680E1A76082D}.Debug|Any CPU.ActiveCfg = Debug|Any CPU
		{4A2CCA0D-421B-4892-9621-680E1A76082D}.Debug|Any CPU.Build.0 = Debug|Any CPU
		{4A2CCA0D-421B-4892-9621-680E1A76082D}.Release|Any CPU.ActiveCfg = Release|Any CPU
		{4A2CCA0D-421B-4892-9621-680E1A76082D}.Release|Any CPU.Build.0 = Release|Any CPU
		{4A2CCA0D-421B-4892-9621-680E1A76082D}.Release|Any CPU.Deploy.0 = Release|Any CPU
	EndGlobalSection
	GlobalSection(SolutionProperties) = preSolution
		HideSolutionNode = FALSE
	EndGlobalSection
EndGlobal
